
Microsoft Visual Studio Solution File, Format Version 12.00
# Visual Studio 15
VisualStudioVersion = 15.0.28307.572
MinimumVisualStudioVersion = 10.0.40219.1
Project("{FAE04EC0-301F-11D3-BF4B-00C04F79EFBC}") = "VideoStreaming", "VideoStreaming\VideoStreaming.csproj", "{EE790EF9-7702-4FA6-870C-4DB3C35ACF7C}"
EndProject
Global
	GlobalSection(SolutionConfigurationPlatforms) = preSolution
		Debug|Any CPU = Debug|Any CPU
		Release|Any CPU = Release|Any CPU
	EndGlobalSection
	GlobalSection(ProjectConfigurationPlatforms) = postSolution
		{EE790EF9-7702-4FA6-870C-4DB3C35ACF7C}.Debug|Any CPU.ActiveCfg = Debug|Any CPU
		{EE790EF9-7702-4FA6-870C-4DB3C35ACF7C}.Debug|Any CPU.Build.0 = Debug|Any CPU
		{EE790EF9-7702-4FA6-870C-4DB3C35ACF7C}.Release|Any CPU.ActiveCfg = Release|Any CPU
		{EE790EF9-7702-4FA6-870C-4DB3C35ACF7C}.Release|Any CPU.Build.0 = Release|Any CPU
	EndGlobalSection
	GlobalSection(SolutionProperties) = preSolution
		HideSolutionNode = FALSE
	EndGlobalSection
	GlobalSection(ExtensibilityGlobals) = postSolution
		SolutionGuid = {DA4B1575-0052-4A0F-9E99-5E626CC9D5E6}
	EndGlobalSection
EndGlobal
